
Microsoft Visual Studio Solution File, Format Version 12.00
# Visual Studio 15
VisualStudioVersion = 15.0.26430.16
MinimumVisualStudioVersion = 10.0.40219.1
Project("{FAE04EC0-301F-11D3-BF4B-00C04F79EFBC}") = "Randevu-Sistemi", "Randevu-Sistemi\Randevu-Sistemi.csproj", "{46D3778F-DD32-423B-A70E-025BA8DF0979}"
EndProject
Global
	GlobalSection(SolutionConfigurationPlatforms) = preSolution
		Debug|Any CPU = Debug|Any CPU
		Release|Any CPU = Release|Any CPU
	EndGlobalSection
	GlobalSection(ProjectConfigurationPlatforms) = postSolution
		{46D3778F-DD32-423B-A70E-025BA8DF0979}.Debug|Any CPU.ActiveCfg = Debug|Any CPU
		{46D3778F-DD32-423B-A70E-025BA8DF0979}.Debug|Any CPU.Build.0 = Debug|Any CPU
		{46D3778F-DD32-423B-A70E-025BA8DF0979}.Release|Any CPU.ActiveCfg = Release|Any CPU
		{46D3778F-DD32-423B-A70E-025BA8DF0979}.Release|Any CPU.Build.0 = Release|Any CPU
	EndGlobalSection
	GlobalSection(SolutionProperties) = preSolution
		HideSolutionNode = FALSE
	EndGlobalSection
EndGlobal
